{
  "name": "tmp",
  "lockfileVersion": 3,
  "requires": true,
  "packages": {
    "": {
      "dependencies": {
        "huaweicloud-devkit": "^1.1.4"
      }
    },
    "node_modules/huaweicloud-devkit": {
      "version": "1.1.4",
      "resolved": "https://repo.huaweicloud.com/repository/npm/huaweicloud-devkit/-/huaweicloud-devkit-1.1.4.tgz",
      "integrity": "sha512-Um95fMyMZGrFAtS1dlDkxyEFC2JPo5MAM09dBsaKxw9BNrqzW1JvqyP274Uz86tQ8HTI0Rh6X4dLzRziqKo/Zg==",
      "hasInstallScript": true,
      "license": "Apache-2.0",
      "dependencies": {
        "undici": "^8.10.0"
      },
      "bin": {
        "huaweicloud-devkit": "bin/setup.cjs",
        "huaweicloud-devkit-mcp": "plugins/huaweicloud-core/src/mcp-server.mjs"
      },
      "engines": {
        "node": ">=22"
      }
    },
    "node_modules/undici": {
      "version": "8.10.2",
      "resolved": "https://repo.huaweicloud.com/repository/npm/undici/-/undici-8.10.2.tgz",
      "integrity": "sha512-/y4/bH9YNU5hi9NIrpOuvGXFcxrj3CMrV+/AYpowAYTpHn8gX/XPFjNy766FPoYY0miQhdW977JFWKGNhBdwyQ==",
      "license": "MIT",
      "engines": {
        "node": ">=22.19.0"
      }
    }
  }
}
